
Microsoft Visual Studio Solution File, Format Version 12.00
# Visual Studio Version 17
VisualStudioVersion = 17.8.34322.80
MinimumVisualStudioVersion = 10.0.40219.1
Project("{2150E333-8FDC-42A3-9474-1A3956D46DE8}") = "01-Web", "01-Web", "{2FBDB355-CD62-45BA-BEF7-B83525915BFD}"
EndProject
Project("{2150E333-8FDC-42A3-9474-1A3956D46DE8}") = "02-Service", "02-Service", "{AD34D34B-6469-4A61-BE6E-07CDEEBFEFB2}"
EndProject
Project("{2150E333-8FDC-42A3-9474-1A3956D46DE8}") = "03-Logic", "03-Logic", "{E97C7A30-02B5-48C2-962F-C25BD31CDE0B}"
EndProject
Project("{2150E333-8FDC-42A3-9474-1A3956D46DE8}") = "04-Data", "04-Data", "{5A3DA7BC-EAA0-44DF-B4A5-27A79A9D64F2}"
EndProject
Project("{2150E333-8FDC-42A3-9474-1A3956D46DE8}") = "05-Shared", "05-Shared", "{CEA627A2-ACC3-4D49-9024-741DE12E5FB8}"
EndProject
Project("{9A19103F-16F7-4668-BE54-9A1E7A4F7556}") = "Web.Core.Server", "Web.Core\Server\Web.Core.Server.csproj", "{F304B9C6-D418-4C15-BA96-895728A8C96F}"
EndProject
Project("{9A19103F-16F7-4668-BE54-9A1E7A4F7556}") = "Web.Core.Client", "Web.Core\Client\Web.Core.Client.csproj", "{3FF787B3-4FF2-4190-B13A-93E55593319B}"
EndProject
Project("{9A19103F-16F7-4668-BE54-9A1E7A4F7556}") = "Data.Database", "Data.Database\Data.Database.csproj", "{F1B79162-3CB6-440D-B6BB-7A9348AB74FA}"
EndProject
Project("{9A19103F-16F7-4668-BE54-9A1E7A4F7556}") = "Data.Shared", "Data.Shared\Data.Shared.csproj", "{94C18E73-C0CB-4DDD-BBD8-E68E6D821E77}"
EndProject
Project("{9A19103F-16F7-4668-BE54-9A1E7A4F7556}") = "Data.Models", "Data.Models\Data.Models.csproj", "{9350DD75-D5D8-436A-A002-939AA78C9B25}"
EndProject
Project("{9A19103F-16F7-4668-BE54-9A1E7A4F7556}") = "Shared.Enums", "Shared.Enums\Shared.Enums.csproj", "{A30ADE19-9F09-453A-9A70-08FA51560142}"
EndProject
Project("{9A19103F-16F7-4668-BE54-9A1E7A4F7556}") = "Logic.Shared", "Logic.Shared\Logic.Shared.csproj", "{D7444E65-0945-4DC8-A070-5171D97EF2E0}"
EndProject
Project("{9A19103F-16F7-4668-BE54-9A1E7A4F7556}") = "Logic.Settings", "Logic.Settings\Logic.Settings.csproj", "{BF8190AE-AAED-4E1D-8333-403C726A2EC8}"
EndProject
Project("{FAE04EC0-301F-11D3-BF4B-00C04F79EFBC}") = "Logic.Administration", "Logic.Administration\Logic.Administration.csproj", "{B58BD831-A59C-4754-BE8E-485A3506242D}"
EndProject
Global
	GlobalSection(SolutionConfigurationPlatforms) = preSolution
		Debug|Any CPU = Debug|Any CPU
		Release|Any CPU = Release|Any CPU
	EndGlobalSection
	GlobalSection(ProjectConfigurationPlatforms) = postSolution
		{F304B9C6-D418-4C15-BA96-895728A8C96F}.Debug|Any CPU.ActiveCfg = Debug|Any CPU
		{F304B9C6-D418-4C15-BA96-895728A8C96F}.Debug|Any CPU.Build.0 = Debug|Any CPU
		{F304B9C6-D418-4C15-BA96-895728A8C96F}.Release|Any CPU.ActiveCfg = Release|Any CPU
		{F304B9C6-D418-4C15-BA96-895728A8C96F}.Release|Any CPU.Build.0 = Release|Any CPU
		{3FF787B3-4FF2-4190-B13A-93E55593319B}.Debug|Any CPU.ActiveCfg = Debug|Any CPU
		{3FF787B3-4FF2-4190-B13A-93E55593319B}.Debug|Any CPU.Build.0 = Debug|Any CPU
		{3FF787B3-4FF2-4190-B13A-93E55593319B}.Release|Any CPU.ActiveCfg = Release|Any CPU
		{3FF787B3-4FF2-4190-B13A-93E55593319B}.Release|Any CPU.Build.0 = Release|Any CPU
		{F1B79162-3CB6-440D-B6BB-7A9348AB74FA}.Debug|Any CPU.ActiveCfg = Debug|Any CPU
		{F1B79162-3CB6-440D-B6BB-7A9348AB74FA}.Debug|Any CPU.Build.0 = Debug|Any CPU
		{F1B79162-3CB6-440D-B6BB-7A9348AB74FA}.Release|Any CPU.ActiveCfg = Release|Any CPU
		{F1B79162-3CB6-440D-B6BB-7A9348AB74FA}.Release|Any CPU.Build.0 = Release|Any CPU
		{94C18E73-C0CB-4DDD-BBD8-E68E6D821E77}.Debug|Any CPU.ActiveCfg = Debug|Any CPU
		{94C18E73-C0CB-4DDD-BBD8-E68E6D821E77}.Debug|Any CPU.Build.0 = Debug|Any CPU
		{94C18E73-C0CB-4DDD-BBD8-E68E6D821E77}.Release|Any CPU.ActiveCfg = Release|Any CPU
		{94C18E73-C0CB-4DDD-BBD8-E68E6D821E77}.Release|Any CPU.Build.0 = Release|Any CPU
		{9350DD75-D5D8-436A-A002-939AA78C9B25}.Debug|Any CPU.ActiveCfg = Debug|Any CPU
		{9350DD75-D5D8-436A-A002-939AA78C9B25}.Debug|Any CPU.Build.0 = Debug|Any CPU
		{9350DD75-D5D8-436A-A002-939AA78C9B25}.Release|Any CPU.ActiveCfg = Release|Any CPU
		{9350DD75-D5D8-436A-A002-939AA78C9B25}.Release|Any CPU.Build.0 = Release|Any CPU
		{A30ADE19-9F09-453A-9A70-08FA51560142}.Debug|Any CPU.ActiveCfg = Debug|Any CPU
		{A30ADE19-9F09-453A-9A70-08FA51560142}.Debug|Any CPU.Build.0 = Debug|Any CPU
		{A30ADE19-9F09-453A-9A70-08FA51560142}.Release|Any CPU.ActiveCfg = Release|Any CPU
		{A30ADE19-9F09-453A-9A70-08FA51560142}.Release|Any CPU.Build.0 = Release|Any CPU
		{D7444E65-0945-4DC8-A070-5171D97EF2E0}.Debug|Any CPU.ActiveCfg = Debug|Any CPU
		{D7444E65-0945-4DC8-A070-5171D97EF2E0}.Debug|Any CPU.Build.0 = Debug|Any CPU
		{D7444E65-0945-4DC8-A070-5171D97EF2E0}.Release|Any CPU.ActiveCfg = Release|Any CPU
		{D7444E65-0945-4DC8-A070-5171D97EF2E0}.Release|Any CPU.Build.0 = Release|Any CPU
		{BF8190AE-AAED-4E1D-8333-403C726A2EC8}.Debug|Any CPU.ActiveCfg = Debug|Any CPU
		{BF8190AE-AAED-4E1D-8333-403C726A2EC8}.Debug|Any CPU.Build.0 = Debug|Any CPU
		{BF8190AE-AAED-4E1D-8333-403C726A2EC8}.Release|Any CPU.ActiveCfg = Release|Any CPU
		{BF8190AE-AAED-4E1D-8333-403C726A2EC8}.Release|Any CPU.Build.0 = Release|Any CPU
		{B58BD831-A59C-4754-BE8E-485A3506242D}.Debug|Any CPU.ActiveCfg = Debug|Any CPU
		{B58BD831-A59C-4754-BE8E-485A3506242D}.Debug|Any CPU.Build.0 = Debug|Any CPU
		{B58BD831-A59C-4754-BE8E-485A3506242D}.Release|Any CPU.ActiveCfg = Release|Any CPU
		{B58BD831-A59C-4754-BE8E-485A3506242D}.Release|Any CPU.Build.0 = Release|Any CPU
	EndGlobalSection
	GlobalSection(SolutionProperties) = preSolution
		HideSolutionNode = FALSE
	EndGlobalSection
	GlobalSection(NestedProjects) = preSolution
		{F304B9C6-D418-4C15-BA96-895728A8C96F} = {2FBDB355-CD62-45BA-BEF7-B83525915BFD}
		{3FF787B3-4FF2-4190-B13A-93E55593319B} = {2FBDB355-CD62-45BA-BEF7-B83525915BFD}
		{F1B79162-3CB6-440D-B6BB-7A9348AB74FA} = {5A3DA7BC-EAA0-44DF-B4A5-27A79A9D64F2}
		{94C18E73-C0CB-4DDD-BBD8-E68E6D821E77} = {5A3DA7BC-EAA0-44DF-B4A5-27A79A9D64F2}
		{9350DD75-D5D8-436A-A002-939AA78C9B25} = {5A3DA7BC-EAA0-44DF-B4A5-27A79A9D64F2}
		{A30ADE19-9F09-453A-9A70-08FA51560142} = {CEA627A2-ACC3-4D49-9024-741DE12E5FB8}
		{D7444E65-0945-4DC8-A070-5171D97EF2E0} = {E97C7A30-02B5-48C2-962F-C25BD31CDE0B}
		{BF8190AE-AAED-4E1D-8333-403C726A2EC8} = {E97C7A30-02B5-48C2-962F-C25BD31CDE0B}
		{B58BD831-A59C-4754-BE8E-485A3506242D} = {E97C7A30-02B5-48C2-962F-C25BD31CDE0B}
	EndGlobalSection
	GlobalSection(ExtensibilityGlobals) = postSolution
		SolutionGuid = {BFDC2A4F-672F-4FFD-A942-244920B5F1C1}
	EndGlobalSection
EndGlobal
