
Microsoft Visual Studio Solution File, Format Version 12.00
# Visual Studio Version 17
VisualStudioVersion = 17.8.34322.80
MinimumVisualStudioVersion = 10.0.40219.1
Project("{2150E333-8FDC-42A3-9474-1A3956D46DE8}") = "01-Web", "01-Web", "{2FBDB355-CD62-45BA-BEF7-B83525915BFD}"
EndProject
Project("{2150E333-8FDC-42A3-9474-1A3956D46DE8}") = "02-Service", "02-Service", "{AD34D34B-6469-4A61-BE6E-07CDEEBFEFB2}"
EndProject
Project("{2150E333-8FDC-42A3-9474-1A3956D46DE8}") = "03-Logic", "03-Logic", "{E97C7A30-02B5-48C2-962F-C25BD31CDE0B}"
EndProject
Project("{2150E333-8FDC-42A3-9474-1A3956D46DE8}") = "04-Data", "04-Data", "{5A3DA7BC-EAA0-44DF-B4A5-27A79A9D64F2}"
EndProject
Project("{2150E333-8FDC-42A3-9474-1A3956D46DE8}") = "05-Shared", "05-Shared", "{CEA627A2-ACC3-4D49-9024-741DE12E5FB8}"
EndProject
Project("{FAE04EC0-301F-11D3-BF4B-00C04F79EFBC}") = "Web.Core.Server", "Web.Core\Server\Web.Core.Server.csproj", "{F304B9C6-D418-4C15-BA96-895728A8C96F}"
EndProject
Project("{FAE04EC0-301F-11D3-BF4B-00C04F79EFBC}") = "Web.Core.Client", "Web.Core\Client\Web.Core.Client.csproj", "{3FF787B3-4FF2-4190-B13A-93E55593319B}"
EndProject
Global
	GlobalSection(SolutionConfigurationPlatforms) = preSolution
		Debug|Any CPU = Debug|Any CPU
		Release|Any CPU = Release|Any CPU
	EndGlobalSection
	GlobalSection(ProjectConfigurationPlatforms) = postSolution
		{F304B9C6-D418-4C15-BA96-895728A8C96F}.Debug|Any CPU.ActiveCfg = Debug|Any CPU
		{F304B9C6-D418-4C15-BA96-895728A8C96F}.Debug|Any CPU.Build.0 = Debug|Any CPU
		{F304B9C6-D418-4C15-BA96-895728A8C96F}.Release|Any CPU.ActiveCfg = Release|Any CPU
		{F304B9C6-D418-4C15-BA96-895728A8C96F}.Release|Any CPU.Build.0 = Release|Any CPU
		{3FF787B3-4FF2-4190-B13A-93E55593319B}.Debug|Any CPU.ActiveCfg = Debug|Any CPU
		{3FF787B3-4FF2-4190-B13A-93E55593319B}.Debug|Any CPU.Build.0 = Debug|Any CPU
		{3FF787B3-4FF2-4190-B13A-93E55593319B}.Release|Any CPU.ActiveCfg = Release|Any CPU
		{3FF787B3-4FF2-4190-B13A-93E55593319B}.Release|Any CPU.Build.0 = Release|Any CPU
	EndGlobalSection
	GlobalSection(SolutionProperties) = preSolution
		HideSolutionNode = FALSE
	EndGlobalSection
	GlobalSection(NestedProjects) = preSolution
		{F304B9C6-D418-4C15-BA96-895728A8C96F} = {2FBDB355-CD62-45BA-BEF7-B83525915BFD}
		{3FF787B3-4FF2-4190-B13A-93E55593319B} = {2FBDB355-CD62-45BA-BEF7-B83525915BFD}
	EndGlobalSection
	GlobalSection(ExtensibilityGlobals) = postSolution
		SolutionGuid = {BFDC2A4F-672F-4FFD-A942-244920B5F1C1}
	EndGlobalSection
EndGlobal
